
Microsoft Visual Studio Solution File, Format Version 12.00
# Visual Studio Version 17
VisualStudioVersion = 17.7.34024.191
MinimumVisualStudioVersion = 10.0.40219.1
Project("{8BC9CEB8-8B4A-11D0-8D11-00A0C91BC942}") = "pds_4.2", "pds_4.2\pds_4.2.vcxproj", "{75799BED-F390-4A4D-B38E-62427CAAD1CA}"
EndProject
Project("{8BC9CEB8-8B4A-11D0-8D11-00A0C91BC942}") = "UnitTest1", "UnitTest1\UnitTest1.vcxproj", "{222B172F-DE50-463F-9C35-061180AC777D}"
EndProject
Global
	GlobalSection(SolutionConfigurationPlatforms) = preSolution
		Debug|x64 = Debug|x64
		Debug|x86 = Debug|x86
		Release|x64 = Release|x64
		Release|x86 = Release|x86
	EndGlobalSection
	GlobalSection(ProjectConfigurationPlatforms) = postSolution
		{75799BED-F390-4A4D-B38E-62427CAAD1CA}.Debug|x64.ActiveCfg = Debug|x64
		{75799BED-F390-4A4D-B38E-62427CAAD1CA}.Debug|x64.Build.0 = Debug|x64
		{75799BED-F390-4A4D-B38E-62427CAAD1CA}.Debug|x86.ActiveCfg = Debug|Win32
		{75799BED-F390-4A4D-B38E-62427CAAD1CA}.Debug|x86.Build.0 = Debug|Win32
		{75799BED-F390-4A4D-B38E-62427CAAD1CA}.Release|x64.ActiveCfg = Release|x64
		{75799BED-F390-4A4D-B38E-62427CAAD1CA}.Release|x64.Build.0 = Release|x64
		{75799BED-F390-4A4D-B38E-62427CAAD1CA}.Release|x86.ActiveCfg = Release|Win32
		{75799BED-F390-4A4D-B38E-62427CAAD1CA}.Release|x86.Build.0 = Release|Win32
		{222B172F-DE50-463F-9C35-061180AC777D}.Debug|x64.ActiveCfg = Debug|x64
		{222B172F-DE50-463F-9C35-061180AC777D}.Debug|x64.Build.0 = Debug|x64
		{222B172F-DE50-463F-9C35-061180AC777D}.Debug|x86.ActiveCfg = Debug|Win32
		{222B172F-DE50-463F-9C35-061180AC777D}.Debug|x86.Build.0 = Debug|Win32
		{222B172F-DE50-463F-9C35-061180AC777D}.Release|x64.ActiveCfg = Release|x64
		{222B172F-DE50-463F-9C35-061180AC777D}.Release|x64.Build.0 = Release|x64
		{222B172F-DE50-463F-9C35-061180AC777D}.Release|x86.ActiveCfg = Release|Win32
		{222B172F-DE50-463F-9C35-061180AC777D}.Release|x86.Build.0 = Release|Win32
	EndGlobalSection
	GlobalSection(SolutionProperties) = preSolution
		HideSolutionNode = FALSE
	EndGlobalSection
	GlobalSection(ExtensibilityGlobals) = postSolution
		SolutionGuid = {72F8B350-6C5E-43C7-8B77-9D7D54A67517}
	EndGlobalSection
EndGlobal
